
Microsoft Visual Studio Solution File, Format Version 12.00
# Visual Studio Version 17
VisualStudioVersion = 17.1.31911.260
MinimumVisualStudioVersion = 10.0.40219.1
Project("{FAE04EC0-301F-11D3-BF4B-00C04F79EFBC}") = "WPF_Sandbox", "WPF_Sandbox.csproj", "{A2BAEC85-899E-4FFD-A87D-7D2438F11431}"
EndProject
Global
	GlobalSection(SolutionConfigurationPlatforms) = preSolution
		Debug|Any CPU = Debug|Any CPU
		Release|Any CPU = Release|Any CPU
	EndGlobalSection
	GlobalSection(ProjectConfigurationPlatforms) = postSolution
		{A2BAEC85-899E-4FFD-A87D-7D2438F11431}.Debug|Any CPU.ActiveCfg = Debug|Any CPU
		{A2BAEC85-899E-4FFD-A87D-7D2438F11431}.Debug|Any CPU.Build.0 = Debug|Any CPU
		{A2BAEC85-899E-4FFD-A87D-7D2438F11431}.Release|Any CPU.ActiveCfg = Release|Any CPU
		{A2BAEC85-899E-4FFD-A87D-7D2438F11431}.Release|Any CPU.Build.0 = Release|Any CPU
	EndGlobalSection
	GlobalSection(SolutionProperties) = preSolution
		HideSolutionNode = FALSE
	EndGlobalSection
	GlobalSection(ExtensibilityGlobals) = postSolution
		SolutionGuid = {4CB70C5A-4D30-493C-BBB2-6E9E8AFF15C6}
	EndGlobalSection
EndGlobal
